FORGE
  remote: https://forgeapi.puppetlabs.com
  specs:
    camptocamp-systemd (0.4.0)
    puppet-archive (1.1.2)
      puppetlabs-stdlib (< 5.0.0, >= 4.2.0)
    puppetlabs-stdlib (4.15.0)

GIT
  remote: git@git.jetstack.net:puppernetes/module-calico.git
  ref: master
  sha: 0ffa15daac9a77fb4927547aedccc8bf4ef4da84
  specs:
    jetstack-calico (0.1.2)
      puppet-archive (< 1.2.0, >= 1.1.2)
      puppetlabs-stdlib (< 5.0.0, >= 4.2.0)

GIT
  remote: git@git.jetstack.net:puppernetes/module-etcd.git
  ref: master
  sha: 0eb063a9f29fb24dc6514ff4444fc5cad3b877ec
  specs:
    jetstack-etcd (0.1.0)
      puppetlabs-stdlib (< 5.0.0, >= 4.2.0)

GIT
  remote: git@git.jetstack.net:puppernetes/module-etcd_mount.git
  ref: master
  sha: d42cd978d014ea164cd2c681a4935bc4ca96e7aa
  specs:
    jetstack-etcd_mount (0.1.0)
      camptocamp-systemd (< 0.5.0, >= 0.4.0)
      puppetlabs-stdlib (< 5.0.0, >= 4.2.0)

GIT
  remote: git@git.jetstack.net:puppernetes/module-k8s.git
  ref: master
  sha: d5553ee597589b21a306832581b566cd50b6327c
  specs:
    jetstack-k8s (0.1.0)
      camptocamp-systemd (< 0.5.0, >= 0.4.0)
      puppetlabs-stdlib (< 5.0.0, >= 4.2.0)

GIT
  remote: git@git.jetstack.net:puppernetes/module-prometheus.git
  ref: master
  sha: 81a15fed2019f71b659f9dad34665392dc0a297a
  specs:
    jetstack-prometheus (0.1.0)
      puppetlabs-stdlib (< 5.0.0, >= 4.2.0)

GIT
  remote: git@git.jetstack.net:puppernetes/module-vault_client.git
  ref: master
  sha: 03c71b2e72f332c1f1f184ccd4c3abae6f4b4382
  specs:
    jetstack-vault_client (0.1.0)
      puppet-archive (< 1.2.0, >= 1.1.2)
      puppetlabs-stdlib (< 5.0.0, >= 4.2.0)

DEPENDENCIES
  jetstack-calico (>= 0)
  jetstack-etcd (>= 0)
  jetstack-etcd_mount (>= 0)
  jetstack-k8s (>= 0)
  jetstack-prometheus (>= 0)
  jetstack-vault_client (>= 0)

