FORGE
  remote: https://forgeapi.puppetlabs.com
  specs:
    camptocamp-systemd (0.4.0)
    puppet-archive (1.1.2)
      puppetlabs-stdlib (< 5.0.0, >= 4.2.0)
    puppetlabs-stdlib (4.15.0)

GIT
  remote: git@git.jetstack.net:puppernetes/module-calico.git
  ref: master
  sha: 50d018cc04b915d4f6042158ee5e78f5981d9945
  specs:
    jetstack-calico (0.1.2)
      puppet-archive (< 1.2.0, >= 1.1.2)
      puppetlabs-stdlib (< 5.0.0, >= 4.2.0)

GIT
  remote: git@git.jetstack.net:puppernetes/module-etcd.git
  ref: master
  sha: 6ba27f8298303c3192c86d4524ee20655c4854be
  specs:
    jetstack-etcd (0.1.0)
      puppetlabs-stdlib (< 5.0.0, >= 4.2.0)

GIT
  remote: git@git.jetstack.net:puppernetes/module-etcd_mount.git
  ref: master
  sha: d42cd978d014ea164cd2c681a4935bc4ca96e7aa
  specs:
    jetstack-etcd_mount (0.1.0)
      camptocamp-systemd (< 0.5.0, >= 0.4.0)
      puppetlabs-stdlib (< 5.0.0, >= 4.2.0)

GIT
  remote: git@git.jetstack.net:puppernetes/module-kubernetes.git
  ref: master
  sha: 6e384127022d125d678538d7e36a52bcaa1bbc8d
  specs:
    jetstack-kubernetes (0.1.0)
      puppetlabs-stdlib (< 5.0.0, >= 4.2.0)

GIT
  remote: git@git.jetstack.net:puppernetes/module-vault_client.git
  ref: master
  sha: 58bed4d387e9e8f9f79b1ba906ae92e1e5d22169
  specs:
    jetstack-vault_client (0.1.0)
      puppet-archive (< 1.2.0, >= 1.1.2)
      puppetlabs-stdlib (< 5.0.0, >= 4.2.0)

DEPENDENCIES
  jetstack-calico (>= 0)
  jetstack-etcd (>= 0)
  jetstack-etcd_mount (>= 0)
  jetstack-kubernetes (>= 0)
  jetstack-vault_client (>= 0)

